
Microsoft Visual Studio Solution File, Format Version 12.00
# Visual Studio Version 16
VisualStudioVersion = 16.0.29905.134
MinimumVisualStudioVersion = 10.0.40219.1
Project("{FAE04EC0-301F-11D3-BF4B-00C04F79EFBC}") = "Yame.Tools", "Yame.Tools\Yame.Tools.csproj", "{0E6B31AE-2695-41B5-BDAA-629003D38757}"
EndProject
Project("{FAE04EC0-301F-11D3-BF4B-00C04F79EFBC}") = "Yame.ToolsTests", "Yame.ToolsTests\Yame.ToolsTests.csproj", "{0603F234-0DFE-4234-A07F-84A1E3F85EFC}"
EndProject
Global
	GlobalSection(SolutionConfigurationPlatforms) = preSolution
		Debug|Any CPU = Debug|Any CPU
		Release|Any CPU = Release|Any CPU
	EndGlobalSection
	GlobalSection(ProjectConfigurationPlatforms) = postSolution
		{0E6B31AE-2695-41B5-BDAA-629003D38757}.Debug|Any CPU.ActiveCfg = Debug|Any CPU
		{0E6B31AE-2695-41B5-BDAA-629003D38757}.Debug|Any CPU.Build.0 = Debug|Any CPU
		{0E6B31AE-2695-41B5-BDAA-629003D38757}.Release|Any CPU.ActiveCfg = Release|Any CPU
		{0E6B31AE-2695-41B5-BDAA-629003D38757}.Release|Any CPU.Build.0 = Release|Any CPU
		{0603F234-0DFE-4234-A07F-84A1E3F85EFC}.Debug|Any CPU.ActiveCfg = Debug|Any CPU
		{0603F234-0DFE-4234-A07F-84A1E3F85EFC}.Debug|Any CPU.Build.0 = Debug|Any CPU
		{0603F234-0DFE-4234-A07F-84A1E3F85EFC}.Release|Any CPU.ActiveCfg = Release|Any CPU
		{0603F234-0DFE-4234-A07F-84A1E3F85EFC}.Release|Any CPU.Build.0 = Release|Any CPU
	EndGlobalSection
	GlobalSection(SolutionProperties) = preSolution
		HideSolutionNode = FALSE
	EndGlobalSection
	GlobalSection(ExtensibilityGlobals) = postSolution
		SolutionGuid = {EBC22F5A-9FB7-4223-A39B-F5D8964889C1}
	EndGlobalSection
EndGlobal
