
Microsoft Visual Studio Solution File, Format Version 12.00
# Visual Studio Version 16
VisualStudioVersion = 16.0.29905.134
MinimumVisualStudioVersion = 10.0.40219.1
Project("{9A19103F-16F7-4668-BE54-9A1E7A4F7556}") = "Yame.Tools", "Yame.Tools\Yame.Tools.csproj", "{0E6B31AE-2695-41B5-BDAA-629003D38757}"
EndProject
Project("{9A19103F-16F7-4668-BE54-9A1E7A4F7556}") = "Yame.ToolsTests", "Yame.ToolsTests\Yame.ToolsTests.csproj", "{0603F234-0DFE-4234-A07F-84A1E3F85EFC}"
EndProject
Project("{9A19103F-16F7-4668-BE54-9A1E7A4F7556}") = "Yame.FeatureTests", "Yame.FeatureTests\Yame.FeatureTests.csproj", "{AA08C0C2-E23D-4188-8B31-FBC40C7C9B9F}"
EndProject
Project("{9A19103F-16F7-4668-BE54-9A1E7A4F7556}") = "Yame.XUnitTests", "Yame.XUnitTests\Yame.XUnitTests.csproj", "{FEFDCAAD-4E61-47D9-8361-8DF0F5BBA996}"
EndProject
Project("{FAE04EC0-301F-11D3-BF4B-00C04F79EFBC}") = "WebApi2", "WebApi2\WebApi2.csproj", "{C9435F93-2752-4554-85CE-307C7E223031}"
EndProject
Project("{FAE04EC0-301F-11D3-BF4B-00C04F79EFBC}") = "WebSocketServerDemo", "WebSocketServer\WebSocketServerDemo.csproj", "{DFDE300B-2151-4202-832A-A6D6ACA9E794}"
EndProject
Project("{FAE04EC0-301F-11D3-BF4B-00C04F79EFBC}") = "TestConsole", "TestConsole\TestConsole.csproj", "{EA5AA96B-AED1-4A2D-A747-BE49651E08EC}"
EndProject
Project("{2150E333-8FDC-42A3-9474-1A3956D46DE8}") = "Web", "Web", "{4D1EC2F7-B47C-4257-9900-7DFF3D519E12}"
EndProject
Project("{FAE04EC0-301F-11D3-BF4B-00C04F79EFBC}") = "MVC5Web", "MVC5Web\MVC5Web.csproj", "{34D126AA-74C9-4431-B820-1AFD1461E335}"
EndProject
Project("{FAE04EC0-301F-11D3-BF4B-00C04F79EFBC}") = "MsSqlRepoitory", "MsSqlRepoitory\MsSqlRepoitory.csproj", "{7906A9A7-F2CF-4FFB-BA42-C5BE263F8C76}"
EndProject
Global
	GlobalSection(SolutionConfigurationPlatforms) = preSolution
		Debug|Any CPU = Debug|Any CPU
		Release|Any CPU = Release|Any CPU
	EndGlobalSection
	GlobalSection(ProjectConfigurationPlatforms) = postSolution
		{0E6B31AE-2695-41B5-BDAA-629003D38757}.Debug|Any CPU.ActiveCfg = Debug|Any CPU
		{0E6B31AE-2695-41B5-BDAA-629003D38757}.Debug|Any CPU.Build.0 = Debug|Any CPU
		{0E6B31AE-2695-41B5-BDAA-629003D38757}.Release|Any CPU.ActiveCfg = Release|Any CPU
		{0E6B31AE-2695-41B5-BDAA-629003D38757}.Release|Any CPU.Build.0 = Release|Any CPU
		{0603F234-0DFE-4234-A07F-84A1E3F85EFC}.Debug|Any CPU.ActiveCfg = Debug|Any CPU
		{0603F234-0DFE-4234-A07F-84A1E3F85EFC}.Debug|Any CPU.Build.0 = Debug|Any CPU
		{0603F234-0DFE-4234-A07F-84A1E3F85EFC}.Release|Any CPU.ActiveCfg = Release|Any CPU
		{0603F234-0DFE-4234-A07F-84A1E3F85EFC}.Release|Any CPU.Build.0 = Release|Any CPU
		{AA08C0C2-E23D-4188-8B31-FBC40C7C9B9F}.Debug|Any CPU.ActiveCfg = Debug|Any CPU
		{AA08C0C2-E23D-4188-8B31-FBC40C7C9B9F}.Debug|Any CPU.Build.0 = Debug|Any CPU
		{AA08C0C2-E23D-4188-8B31-FBC40C7C9B9F}.Release|Any CPU.ActiveCfg = Release|Any CPU
		{AA08C0C2-E23D-4188-8B31-FBC40C7C9B9F}.Release|Any CPU.Build.0 = Release|Any CPU
		{FEFDCAAD-4E61-47D9-8361-8DF0F5BBA996}.Debug|Any CPU.ActiveCfg = Debug|Any CPU
		{FEFDCAAD-4E61-47D9-8361-8DF0F5BBA996}.Debug|Any CPU.Build.0 = Debug|Any CPU
		{FEFDCAAD-4E61-47D9-8361-8DF0F5BBA996}.Release|Any CPU.ActiveCfg = Release|Any CPU
		{FEFDCAAD-4E61-47D9-8361-8DF0F5BBA996}.Release|Any CPU.Build.0 = Release|Any CPU
		{C9435F93-2752-4554-85CE-307C7E223031}.Debug|Any CPU.ActiveCfg = Debug|Any CPU
		{C9435F93-2752-4554-85CE-307C7E223031}.Debug|Any CPU.Build.0 = Debug|Any CPU
		{C9435F93-2752-4554-85CE-307C7E223031}.Release|Any CPU.ActiveCfg = Release|Any CPU
		{C9435F93-2752-4554-85CE-307C7E223031}.Release|Any CPU.Build.0 = Release|Any CPU
		{DFDE300B-2151-4202-832A-A6D6ACA9E794}.Debug|Any CPU.ActiveCfg = Debug|Any CPU
		{DFDE300B-2151-4202-832A-A6D6ACA9E794}.Debug|Any CPU.Build.0 = Debug|Any CPU
		{DFDE300B-2151-4202-832A-A6D6ACA9E794}.Release|Any CPU.ActiveCfg = Release|Any CPU
		{DFDE300B-2151-4202-832A-A6D6ACA9E794}.Release|Any CPU.Build.0 = Release|Any CPU
		{EA5AA96B-AED1-4A2D-A747-BE49651E08EC}.Debug|Any CPU.ActiveCfg = Debug|Any CPU
		{EA5AA96B-AED1-4A2D-A747-BE49651E08EC}.Debug|Any CPU.Build.0 = Debug|Any CPU
		{EA5AA96B-AED1-4A2D-A747-BE49651E08EC}.Release|Any CPU.ActiveCfg = Release|Any CPU
		{EA5AA96B-AED1-4A2D-A747-BE49651E08EC}.Release|Any CPU.Build.0 = Release|Any CPU
		{34D126AA-74C9-4431-B820-1AFD1461E335}.Debug|Any CPU.ActiveCfg = Debug|Any CPU
		{34D126AA-74C9-4431-B820-1AFD1461E335}.Debug|Any CPU.Build.0 = Debug|Any CPU
		{34D126AA-74C9-4431-B820-1AFD1461E335}.Release|Any CPU.ActiveCfg = Release|Any CPU
		{34D126AA-74C9-4431-B820-1AFD1461E335}.Release|Any CPU.Build.0 = Release|Any CPU
		{7906A9A7-F2CF-4FFB-BA42-C5BE263F8C76}.Debug|Any CPU.ActiveCfg = Debug|Any CPU
		{7906A9A7-F2CF-4FFB-BA42-C5BE263F8C76}.Debug|Any CPU.Build.0 = Debug|Any CPU
		{7906A9A7-F2CF-4FFB-BA42-C5BE263F8C76}.Release|Any CPU.ActiveCfg = Release|Any CPU
		{7906A9A7-F2CF-4FFB-BA42-C5BE263F8C76}.Release|Any CPU.Build.0 = Release|Any CPU
	EndGlobalSection
	GlobalSection(SolutionProperties) = preSolution
		HideSolutionNode = FALSE
	EndGlobalSection
	GlobalSection(NestedProjects) = preSolution
		{34D126AA-74C9-4431-B820-1AFD1461E335} = {4D1EC2F7-B47C-4257-9900-7DFF3D519E12}
		{7906A9A7-F2CF-4FFB-BA42-C5BE263F8C76} = {4D1EC2F7-B47C-4257-9900-7DFF3D519E12}
	EndGlobalSection
	GlobalSection(ExtensibilityGlobals) = postSolution
		SolutionGuid = {EBC22F5A-9FB7-4223-A39B-F5D8964889C1}
	EndGlobalSection
EndGlobal
